
Microsoft Visual Studio Solution File, Format Version 12.00
# Visual Studio Version 16
VisualStudioVersion = 16.0.29102.190
MinimumVisualStudioVersion = 10.0.40219.1
Project("{FAE04EC0-301F-11D3-BF4B-00C04F79EFBC}") = "Login", "Login\Login.csproj", "{4DB3EBA2-17A6-4C45-93E0-DAD4A4F192C2}"
EndProject
Global
	GlobalSection(SolutionConfigurationPlatforms) = preSolution
		Debug|Any CPU = Debug|Any CPU
		Release|Any CPU = Release|Any CPU
	EndGlobalSection
	GlobalSection(ProjectConfigurationPlatforms) = postSolution
		{4DB3EBA2-17A6-4C45-93E0-DAD4A4F192C2}.Debug|Any CPU.ActiveCfg = Debug|Any CPU
		{4DB3EBA2-17A6-4C45-93E0-DAD4A4F192C2}.Debug|Any CPU.Build.0 = Debug|Any CPU
		{4DB3EBA2-17A6-4C45-93E0-DAD4A4F192C2}.Release|Any CPU.ActiveCfg = Release|Any CPU
		{4DB3EBA2-17A6-4C45-93E0-DAD4A4F192C2}.Release|Any CPU.Build.0 = Release|Any CPU
	EndGlobalSection
	GlobalSection(SolutionProperties) = preSolution
		HideSolutionNode = FALSE
	EndGlobalSection
	GlobalSection(ExtensibilityGlobals) = postSolution
		SolutionGuid = {C23B6B7E-2757-4CCF-A2C4-D0CF80B1BBEC}
	EndGlobalSection
EndGlobal
